{
  "version": 4,
  "terraform_version": "1.12.1",
  "serial": 198,
  "lineage": "d7afb505-29fc-eaaf-cb4b-940daf2be57b",
  "outputs": {
    "ctf_instance_public_ip": {
      "value": "44.201.160.18",
      "type": "string"
    }
  },
  "resources": [
    {
      "mode": "data",
      "type": "aws_ami",
      "name": "ubuntu",
      "provider": "provider[\"registry.terraform.io/hashicorp/aws\"]",
      "instances": [
        {
          "schema_version": 0,
          "attributes": {
            "architecture": "x86_64",
            "arn": "arn:aws:ec2:us-east-1::image/ami-0d016af584f4febe3",
            "block_device_mappings": [
              {
                "device_name": "/dev/sda1",
                "ebs": {
                  "delete_on_termination": "true",
                  "encrypted": "false",
                  "iops": "0",
                  "snapshot_id": "snap-09c166a358f0811e9",
                  "throughput": "0",
                  "volume_initialization_rate": "0",
                  "volume_size": "8",
                  "volume_type": "gp2"
                },
                "no_device": "",
                "virtual_name": ""
              },
              {
                "device_name": "/dev/sdb",
                "ebs": {},
                "no_device": "",
                "virtual_name": "ephemeral0"
              },
              {
                "device_name": "/dev/sdc",
                "ebs": {},
                "no_device": "",
                "virtual_name": "ephemeral1"
              }
            ],
            "boot_mode": "uefi-preferred",
            "creation_date": "2025-06-17T06:49:54.000Z",
            "deprecation_time": "2027-06-17T06:49:54.000Z",
            "description": "Canonical, Ubuntu, 22.04, amd64 jammy image",
            "ena_support": true,
            "executable_users": null,
            "filter": [
              {
                "name": "name",
                "values": [
                  "ubuntu/images/hvm-ssd/ubuntu-jammy-22.04-amd64-server-*"
                ]
              },
              {
                "name": "virtualization-type",
                "values": [
                  "hvm"
                ]
              }
            ],
            "hypervisor": "xen",
            "id": "ami-0d016af584f4febe3",
            "image_id": "ami-0d016af584f4febe3",
            "image_location": "amazon/ubuntu/images/hvm-ssd/ubuntu-jammy-22.04-amd64-server-20250617",
            "image_owner_alias": "amazon",
            "image_type": "machine",
            "imds_support": "",
            "include_deprecated": false,
            "kernel_id": "",
            "last_launched_time": "",
            "most_recent": true,
            "name": "ubuntu/images/hvm-ssd/ubuntu-jammy-22.04-amd64-server-20250617",
            "name_regex": null,
            "owner_id": "099720109477",
            "owners": [
              "099720109477"
            ],
            "platform": "",
            "platform_details": "Linux/UNIX",
            "product_codes": [],
            "public": true,
            "ramdisk_id": "",
            "root_device_name": "/dev/sda1",
            "root_device_type": "ebs",
            "root_snapshot_id": "snap-09c166a358f0811e9",
            "sriov_net_support": "simple",
            "state": "available",
            "state_reason": {
              "code": "UNSET",
              "message": "UNSET"
            },
            "tags": {},
            "timeouts": null,
            "tpm_support": "",
            "uefi_data": null,
            "usage_operation": "RunInstances",
            "virtualization_type": "hvm"
          },
          "sensitive_attributes": [],
          "identity_schema_version": 0
        }
      ]
    },
    {
      "mode": "managed",
      "type": "aws_instance",
      "name": "ctf_instance",
      "provider": "provider[\"registry.terraform.io/hashicorp/aws\"]",
      "instances": [
        {
          "schema_version": 1,
          "attributes": {
            "ami": "ami-0d016af584f4febe3",
            "arn": "arn:aws:ec2:us-east-1:368603111517:instance/i-0d970ea39210bf0fb",
            "associate_public_ip_address": true,
            "availability_zone": "us-east-1c",
            "capacity_reservation_specification": [
              {
                "capacity_reservation_preference": "open",
                "capacity_reservation_target": []
              }
            ],
            "cpu_core_count": 1,
            "cpu_options": [
              {
                "amd_sev_snp": "",
                "core_count": 1,
                "threads_per_core": 1
              }
            ],
            "cpu_threads_per_core": 1,
            "credit_specification": [
              {
                "cpu_credits": "standard"
              }
            ],
            "disable_api_stop": false,
            "disable_api_termination": false,
            "ebs_block_device": [],
            "ebs_optimized": false,
            "enable_primary_ipv6": null,
            "enclave_options": [
              {
                "enabled": false
              }
            ],
            "ephemeral_block_device": [],
            "get_password_data": false,
            "hibernation": false,
            "host_id": "",
            "host_resource_group_arn": null,
            "iam_instance_profile": "",
            "id": "i-0d970ea39210bf0fb",
            "instance_initiated_shutdown_behavior": "stop",
            "instance_lifecycle": "",
            "instance_market_options": [],
            "instance_state": "running",
            "instance_type": "t2.micro",
            "ipv6_address_count": 0,
            "ipv6_addresses": [],
            "key_name": "",
            "launch_template": [],
            "maintenance_options": [
              {
                "auto_recovery": "default"
              }
            ],
            "metadata_options": [
              {
                "http_endpoint": "enabled",
                "http_protocol_ipv6": "disabled",
                "http_put_response_hop_limit": 1,
                "http_tokens": "optional",
                "instance_metadata_tags": "disabled"
              }
            ],
            "monitoring": false,
            "network_interface": [],
            "outpost_arn": "",
            "password_data": "",
            "placement_group": "",
            "placement_partition_number": 0,
            "primary_network_interface_id": "eni-058d1323102c8bcf2",
            "private_dns": "ip-10-0-1-88.ec2.internal",
            "private_dns_name_options": [
              {
                "enable_resource_name_dns_a_record": false,
                "enable_resource_name_dns_aaaa_record": false,
                "hostname_type": "ip-name"
              }
            ],
            "private_ip": "10.0.1.88",
            "public_dns": "",
            "public_ip": "44.201.160.18",
            "root_block_device": [
              {
                "delete_on_termination": true,
                "device_name": "/dev/sda1",
                "encrypted": false,
                "iops": 100,
                "kms_key_id": "",
                "tags": {},
                "tags_all": {},
                "throughput": 0,
                "volume_id": "vol-03740b9957de2047e",
                "volume_size": 8,
                "volume_type": "gp2"
              }
            ],
            "secondary_private_ips": [],
            "security_groups": [],
            "source_dest_check": true,
            "spot_instance_request_id": "",
            "subnet_id": "subnet-04fa8afb3182f9007",
            "tags": {
              "Name": "CTF Lab Instance"
            },
            "tags_all": {
              "Name": "CTF Lab Instance"
            },
            "tenancy": "default",
            "timeouts": null,
            "user_data": null,
            "user_data_base64": "IyEvYmluL2Jhc2gKCgpzdWRvIGFwdC1nZXQgdXBkYXRlCnN1ZG8gYXB0IGluc3RhbGwgLXkgbmV0LXRvb2xzIG5tYXAgdHJlZSBuZ2lueCBpbm90aWZ5LXRvb2xzCgojIENyZWF0ZSBhIG5ldyB1c2VyIGZvciBDVEYKc3VkbyB1c2VyYWRkIC1tIC1zIC9iaW4vYmFzaCBjdGZfdXNlcgpzdWRvIGVjaG8gJ2N0Zl91c2VyOkNURnBhc3N3b3JkMTIzIScgfCBzdWRvIGNocGFzc3dkCgojIEVuYWJsZSBwYXNzd29yZCBhdXRoZW50aWNhdGlvbgpzdWRvIHNlZCAtaSAncy9QYXNzd29yZEF1dGhlbnRpY2F0aW9uIG5vL1Bhc3N3b3JkQXV0aGVudGljYXRpb24geWVzLycgL2V0Yy9zc2gvc3NoZF9jb25maWcKc3VkbyBzZWQgLWkgJ3MvS2JkSW50ZXJhY3RpdmVBdXRoZW50aWNhdGlvbiBuby9LYmRJbnRlcmFjdGl2ZUF1dGhlbnRpY2F0aW9uIHllcy8nIC9ldGMvc3NoL3NzaGRfY29uZmlnCgojIFJlc3RhcnQgU1NIIHNlcnZpY2UgdG8gYXBwbHkgY2hhbmdlcwpzdWRvIHN5c3RlbWN0bCByZXN0YXJ0IHNzaAoKc3VkbyB1c2VybW9kIC1hRyBzdWRvIGN0Zl91c2VyCgojIENyZWF0ZSBhIGRpcmVjdG9yeSBmb3IgdGhlIENURiBjaGFsbGVuZ2VzCm1rZGlyIC1wIC9ob21lL2N0Zl91c2VyL2N0Zl9jaGFsbGVuZ2VzCmNkIC9ob21lL2N0Zl91c2VyL2N0Zl9jaGFsbGVuZ2VzCgojIENyZWF0ZSB2ZXJpZnkgc2NyaXB0CmNhdCA+IC91c3IvbG9jYWwvYmluL3ZlcmlmeSA8PCAnRU9GVkVSSUZZJwojIS9iaW4vYmFzaAoKQU5TV0VSX0hBU0hFUz0oCiAgCiAgICAiZGU4ZjI5NDMyZTIxZjU2ZTAwM2M1MmY3MTI5N2U3MzY0Y2VhMmI3NTBjZDI1ODJkNjI2ODhlMzExMzQ3ZmYwNiIgIAogICAgImE0OGNhMzM4NmE3NmVhODcwM2E2YzRlNTU2MjgzMmY5NTM2NGEyZGJkYWYxYzc1ZmFhZTczMGFiZDA3NWEyM2UiICAKICAgICI3ZTVlNjIxOGQ2MDRhYzc1MzJjNzQwM2I2YWI0ZWY0MWFiYzQ1NjI4NjA2YWJjZGI5OGQ2YTBjNDJlMjQ3N2NiIiAgCiAgICAiMWJiMmU4N2IzN2FkYjM4ZmU1M2Y2ZTcxZjcyMWUzZTlmZjAwYjNmMTNjZTU4MmNlOTVkNDE3N2MzY2Y0OWJlOSIgCiAgICAiMDA2M2I5ZGU5N2Q5MWI2NWY0YWJlMjFmM2E0MjZmMjY2ZmIzMDRiMmJhZGM0YTkzYmI4MGU4N2RjYTBlZDZiMyIgIAogICAgIjkzOGQ5Yzk3YmZjNjY2OWUwNjIzYTFiNmMyZjMyNTI3ZmQ1YjAwODFjOTRhZGIxYzY1ZGFjYmM2Y2RiMDRmNjUiICAKICAgICIwNGExNTAzZTE1OTM0ZDk0NDIxMjJmZDhhZGIyYWY2ZTM1Yzk5YjQxZjkzNzI4ZmVkNjkxZmFmZTE1NWExZjkwIiAKICAgICI0ZTI0ZmMzMWUxYmQzNGZkNDk4MzIyMjZjZTEwZWE2ZDI5ZmJiNDllMTQ3OTJjMjVhOGZhMzJkZGY1YWQ3ZGYyIiAgCiAgICAiMTYwNWRjZGM3ZTg5MjM5MzgzNTEyODAzZjE2NzNjYjkzODQ2N2MyOTE2MjcwODA3ZTgxMTAyODk0ZWYxNWU5MSIgCiAgICAiYTdjMGUwZGJhNzQ2ZmI1YjAwNjhkZTk5NDNjYWQyOTI3M2M5MTQyNjE3NGIxZmRmMzJhNDJkYzJhZjI1M2EzZiIKICAgICI5OGQ3YjZjMWNmYjA5NTc0ZjA2ODkzYmFjY2QxOWY4NmViZjgwNWNhZjVhMjFiZjJiNTE4NTk4Mzg0YTJkM2ZhIgogICAgIjkwYjY4MTk3MzdhOGYwMjdkZjIzYTcxOGQxYTgyMjEwZmVhMDEzZDFhZTNkYTA4MTQ5NGU5YzQ5NmU0Mjg0ZGEiCiAgICAiYTZiYmJlYTgzYzEyYjMzNWQ4OTA0NTZlY2NhMDcyYzYxYmMwNjNkZWU1MDNlZDY3Y2ZhNzUwNTM4YWQ0ZWQ2OSIKKQoKY2hlY2tfZmxhZygpIHsKICAgIGNoYWxsZW5nZV9udW09JDEKICAgIHN1Ym1pdHRlZF9mbGFnPSQyCiAgICAKICAgIHN1Ym1pdHRlZF9oYXNoPSQoZWNobyAtbiAiJHN1Ym1pdHRlZF9mbGFnIiB8IHNoYTI1NnN1bSB8IGN1dCAtZCcgJyAtZjEpCiAgICAKICAgIGlmIFsgIiRzdWJtaXR0ZWRfaGFzaCIgPSAiJHtBTlNXRVJfSEFTSEVTWyRjaGFsbGVuZ2VfbnVtXX0iIF07IHRoZW4KICAgICAgICBpZiBbICIkY2hhbGxlbmdlX251bSIgLWVxIDAgXTsgdGhlbgogICAgICAgICAgICBlY2hvICLinJMgRXhhbXBsZSBmbGFnIHZlcmlmaWVkISBOb3cgdHJ5IGZpbmRpbmcgcmVhbCBmbGFncy4iCiAgICAgICAgZWxzZQogICAgICAgICAgICBlY2hvICLinJMgQ29ycmVjdCBmbGFnIGZvciBDaGFsbGVuZ2UgJGNoYWxsZW5nZV9udW0hIgogICAgICAgIGZpCiAgICAgICAgZWNobyAiJGNoYWxsZW5nZV9udW0iID4+IH4vLmNvbXBsZXRlZF9jaGFsbGVuZ2VzCiAgICAgICAgc29ydCAtdSB+Ly5jb21wbGV0ZWRfY2hhbGxlbmdlcyA+IH4vLmNvbXBsZXRlZF9jaGFsbGVuZ2VzLnRtcAogICAgICAgIG12IH4vLmNvbXBsZXRlZF9jaGFsbGVuZ2VzLnRtcCB+Ly5jb21wbGV0ZWRfY2hhbGxlbmdlcwogICAgZWxzZQogICAgICAgIGVjaG8gIuKclyBJbmNvcnJlY3QgZmxhZy4gVHJ5IGFnYWluISIKICAgIGZpCiAgICBzaG93X3Byb2dyZXNzCn0KCnNob3dfcHJvZ3Jlc3MoKSB7CiAgICBsb2NhbCBjb21wbGV0ZWQ9MAogICAgaWYgWyAtZiB+Ly5jb21wbGV0ZWRfY2hhbGxlbmdlcyBdOyB0aGVuCiAgICAgICAgY29tcGxldGVkPSQoc29ydCAtdSB+Ly5jb21wbGV0ZWRfY2hhbGxlbmdlcyB8IHdjIC1sKQogICAgICAgIGNvbXBsZXRlZD0kKChjb21wbGV0ZWQtMSkpICMgU3VidHJhY3QgZXhhbXBsZSBjaGFsbGVuZ2UKICAgIGZpCiAgICBlY2hvICJGbGFncyBGb3VuZDogJGNvbXBsZXRlZC8xMiIKICAgIGlmIFsgIiRjb21wbGV0ZWQiIC1lcSAxMiBdOyB0aGVuCiAgICAgICAgZWNobyAiQ29uZ3JhdHVsYXRpb25zISBZb3UndmUgY29tcGxldGVkIGFsbCBjaGFsbGVuZ2VzISIKICAgIGZpCn0KCmNhc2UgIiQxIiBpbgogICAgInByb2dyZXNzIikKICAgICAgICBzaG93X3Byb2dyZXNzCiAgICAgICAgOzsKICAgIFswLTldfDFbMC0yXSkKICAgICAgICBpZiBbIC16ICIkMiIgXTsgdGhlbgogICAgICAgICAgICBlY2hvICJVc2FnZTogdmVyaWZ5IFtjaGFsbGVuZ2VfbnVtYmVyXSBbZmxhZ10iCiAgICAgICAgICAgIGV4aXQgMQogICAgICAgIGZpCiAgICAgICAgY2hlY2tfZmxhZyAiJDEiICIkMiIKICAgICAgICA7OwogICAgKikKICAgICAgICBlY2hvICJVc2FnZToiCiAgICAgICAgZWNobyAiICB2ZXJpZnkgW2NoYWxsZW5nZV9udW1iZXJdIFtmbGFnXSAtIENoZWNrIGEgZmxhZyIKICAgICAgICBlY2hvICIgIHZlcmlmeSBwcm9ncmVzcyAtIFNob3cgcHJvZ3Jlc3MiCiAgICAgICAgZWNobwogICAgICAgIGVjaG8gIkV4YW1wbGU6IHZlcmlmeSAwIENURntleGFtcGxlfSIKICAgICAgICA7Owplc2FjCkVPRlZFUklGWQoKc3VkbyBjaG1vZCAreCAvdXNyL2xvY2FsL2Jpbi92ZXJpZnkKCiMgQ3JlYXRlIHNldHVwIGNoZWNrIHNjcmlwdApjYXQgPiAvdXNyL2xvY2FsL2Jpbi9jaGVja19zZXR1cCA8PCAnRU9GJwojIS9iaW4vYmFzaAppZiBbICEgLWYgL3Zhci9sb2cvc2V0dXBfY29tcGxldGUgXTsgdGhlbgogICAgZWNobyAiU3lzdGVtIGlzIHN0aWxsIGJlaW5nIGNvbmZpZ3VyZWQuIFBsZWFzZSB3YWl0Li4uIgogICAgZXhpdCAxCmZpCkVPRgoKY2htb2QgK3ggL3Vzci9sb2NhbC9iaW4vY2hlY2tfc2V0dXAKCiMgQWRkIHRvIGJhc2ggcHJvZmlsZQplY2hvICIvdXNyL2xvY2FsL2Jpbi9jaGVja19zZXR1cCIgPj4gL2hvbWUvY3RmX3VzZXIvLnByb2ZpbGUKCiMgQ3JlYXRlIE1PVEQKY2F0ID4gL2V0Yy9tb3RkIDw8ICdFT0ZNT1REJworPT09PT09PT09PT09PT09PT09PT09PT09PT09PT09PT09PT09PT09PT09PT09PSsKfCAgTGVhcm4gVG8gQ2xvdWQgLSBMaW51eCBDb21tYW5kIExpbmUgQ1RGICAgIHwKKz09PT09PT09PT09PT09PT09PT09PT09PT09PT09PT09PT09PT09PT09PT09PT0rCgpXZWxjb21lISBIZXJlIGFyZSAxMiBQcm9ncmVzc2l2ZSBMaW51eCBDaGFsbGVuZ2VzLgpSZWZlciB0byB0aGUgcmVhZG1lIGZvciBpbmZvcm1hdGlvbiBvbiBlYWNoIGNoYWxsZW5nZS4KCk9uY2UgeW91IGZpbmQgYSBmbGFnLCB1c2Ugb3VyIHZlcmlmeSB0b29sIHRvIGNoZWNrIHlvdXIgYW5zd2VyCmFuZCByZXZpZXcgeW91ciBwcm9ncmVzcy4KClVzYWdlOgogIHZlcmlmeSBbY2hhbGxlbmdlIG51bWJlcl0gW2ZsYWddIC0gU3VibWl0IGZsYWcgZm9yIHZlcmlmaWNhdGlvbgogIHZlcmlmeSAwIENURntleGFtcGxlfSAtIEV4YW1wbGUgZmxhZwogIHZlcmlmeSBwcm9ncmVzcyAgICAgLSBTaG93cyB5b3VyIHByb2dyZXNzCgogIFRyeSBpdDogdHlwZSBpbiB2ZXJpZnkgMCBDVEZ7ZXhhbXBsZX0KCkdvb2QgbHVjayEKVGVhbSBMMkMKCis9PT09PT09PT09PT09PT09PT09PT09PT09PT09PT09PT09PT09PT09PT09PT09KwpFT0ZNT1RECgojIEJlZ2lubmVyIENoYWxsZW5nZXMKIyBDaGFsbGVuZ2UgMTogU2ltcGxlIGhpZGRlbiBmaWxlCmVjaG8gIkNURntmaW5kaW5nX2hpZGRlbl90cmVhc3VyZXN9IiA+IC9ob21lL2N0Zl91c2VyL2N0Zl9jaGFsbGVuZ2VzLy5oaWRkZW5fZmxhZwoKIyBDaGFsbGVuZ2UgMjogQmFzaWMgZmlsZSBzZWFyY2gKbWtkaXIgLXAgL2hvbWUvY3RmX3VzZXIvZG9jdW1lbnRzL3Byb2plY3RzL2JhY2t1cAplY2hvICJDVEZ7c2VhcmNoX2FuZF9kaXNjb3Zlcn0iID4gL2hvbWUvY3RmX3VzZXIvZG9jdW1lbnRzL3Byb2plY3RzL2JhY2t1cC9zZWNyZXRfbm90ZXMudHh0CgojIEludGVybWVkaWF0ZSBDaGFsbGVuZ2VzCiMgQ2hhbGxlbmdlIDM6IExvZyBhbmFseXNpcwpzdWRvIGRkIGlmPS9kZXYvdXJhbmRvbSBvZj0vdmFyL2xvZy9sYXJnZV9sb2dfZmlsZS5sb2cgYnM9MU0gY291bnQ9NTAwCmVjaG8gIkNURntzaXplX21hdHRlcnNfaW5fbGludXh9IiB8IHN1ZG8gdGVlIC1hIC92YXIvbG9nL2xhcmdlX2xvZ19maWxlLmxvZwpzdWRvIGNob3duIGN0Zl91c2VyOmN0Zl91c2VyIC92YXIvbG9nL2xhcmdlX2xvZ19maWxlLmxvZwoKIyBDaGFsbGVuZ2UgNDogVXNlciBpbnZlc3RpZ2F0aW9uCnN1ZG8gdXNlcmFkZCAtdSAxMDAyIC1tIGZsYWdfdXNlcgplY2hvICJDVEZ7dXNlcl9lbnVtZXJhdGlvbl9leHBlcnR9IiB8IHN1ZG8gdGVlIC9ob21lL2ZsYWdfdXNlci8ucHJvZmlsZQpzdWRvIGNob3duIGZsYWdfdXNlcjpmbGFnX3VzZXIgL2hvbWUvZmxhZ191c2VyLy5wcm9maWxlCgojIENoYWxsZW5nZSA1OiBQZXJtaXNzaW9uIGFuYWx5c2lzCnN1ZG8gbWtkaXIgLXAgL29wdC9zeXN0ZW1zL2NvbmZpZwplY2hvICJDVEZ7cGVybWlzc2lvbl9zbGV1dGh9IiB8IHN1ZG8gdGVlIC9vcHQvc3lzdGVtcy9jb25maWcvc3lzdGVtLmNvbmYKc3VkbyBjaG1vZCA3NzcgL29wdC9zeXN0ZW1zL2NvbmZpZy9zeXN0ZW0uY29uZgoKIyBBZHZhbmNlZCBDaGFsbGVuZ2VzCiMgQ2hhbGxlbmdlIDY6IFNlcnZpY2UgZGlzY292ZXJ5CmNhdCA+IC91c3IvbG9jYWwvYmluL3NlY3JldF9zZXJ2aWNlLnNoIDw8ICdFT0YnCiMhL2Jpbi9iYXNoCndoaWxlIHRydWU7IGRvCiAgICBlY2hvIC1lICJIVFRQLzEuMSAyMDAgT0tcblxuQ1RGe25ldHdvcmtfZGV0ZWN0aXZlfSIgfCBuYyAtbCAtcCA4MDgwCmRvbmUKRU9GCnN1ZG8gY2htb2QgK3ggL3Vzci9sb2NhbC9iaW4vc2VjcmV0X3NlcnZpY2Uuc2gKc3VkbyBub2h1cCAvdXNyL2xvY2FsL2Jpbi9zZWNyZXRfc2VydmljZS5zaCAmCgojIENoYWxsZW5nZSA3OiBFbmNvZGluZyBjaGFsbGVuZ2UKZWNobyAiQ1RGe2RlY29kaW5nX21hc3Rlcn0iIHwgYmFzZTY0IHwgYmFzZTY0ID4gL2hvbWUvY3RmX3VzZXIvY3RmX2NoYWxsZW5nZXMvZW5jb2RlZF9mbGFnLnR4dAoKIyBDaGFsbGVuZ2UgODogQWR2YW5jZWQgU1NIIHNldHVwCnN1ZG8gbWtkaXIgLXAgL2hvbWUvY3RmX3VzZXIvLnNzaC9zZWNyZXRzL2JhY2t1cAplY2hvICJDVEZ7c3NoX3NlY3VyaXR5X21hc3Rlcn0iIHwgc3VkbyB0ZWUgL2hvbWUvY3RmX3VzZXIvLnNzaC9zZWNyZXRzL2JhY2t1cC8uYXV0aG9yaXplZF9rZXlzCnN1ZG8gY2hvd24gLVIgY3RmX3VzZXI6Y3RmX3VzZXIgL2hvbWUvY3RmX3VzZXIvLnNzaApzdWRvIGNobW9kIDcwMCAvaG9tZS9jdGZfdXNlci8uc3NoCnN1ZG8gY2htb2QgNjAwIC9ob21lL2N0Zl91c2VyLy5zc2gvc2VjcmV0cy9iYWNrdXAvLmF1dGhvcml6ZWRfa2V5cwoKIyBDaGFsbGVuZ2UgOTogRE5TIHRyb3VibGVzaG9vdGluZwpzdWRvIGNwIC9ldGMvcmVzb2x2LmNvbmYgL2V0Yy9yZXNvbHYuY29uZi5iYWsKc3VkbyBzZWQgLWkgJy9ebmFtZXNlcnZlci9zLyQvQ1RGe2Ruc19uYW1lfS8nIC9ldGMvcmVzb2x2LmNvbmYKCiMgQ2hhbGxlbmdlIDEwOiBSZW1vdGUgdXBsb2FkCmNhdCA+IC91c3IvbG9jYWwvYmluL21vbml0b3JfZGlyZWN0b3J5LnNoIDw8ICdFT0YnCiMhL2Jpbi9iYXNoCkRJUkVDVE9SWT0iL2hvbWUvY3RmX3VzZXIvY3RmX2NoYWxsZW5nZXMiCmlub3RpZnl3YWl0IC1tIC1lIGNyZWF0ZSAtLWZvcm1hdCAnJWYnICIkRElSRUNUT1JZIiB8IHdoaWxlIHJlYWQgRklMRQpkbwogICAgZWNobyAiQSBuZXcgZmlsZSBuYW1lZCAkRklMRSBoYXMgYmVlbiBhZGRlZCB0byAkRElSRUNUT1JZLiBIZXJlIGlzIHlvdXIgZmxhZzogQ1RGe25ldHdvcmtfY29weX0iIHwgd2FsbApkb25lCkVPRgoKc3VkbyBjaG1vZCAreCAvdXNyL2xvY2FsL2Jpbi9tb25pdG9yX2RpcmVjdG9yeS5zaApzdWRvIG5vaHVwIC91c3IvbG9jYWwvYmluL21vbml0b3JfZGlyZWN0b3J5LnNoID4gL3Zhci9sb2cvbW9uaXRvcl9kaXJlY3RvcnkubG9nIDI+JjEgJgoKIyBDaGFsbGVuZ2UgMTE6IFdlYiBDb25maWd1cmF0aW9uCnN1ZG8gbWtkaXIgLXAgL3Zhci93d3cvaHRtbAplY2hvICc8aDIgc3R5bGU9InRleHQtYWxpZ246Y2VudGVyOyI+RmxhZyB2YWx1ZTogQ1RGe3dlYl9jb25maWd9PC9oMj4nIHwgc3VkbyB0ZWUgL3Zhci93d3cvaHRtbC9pbmRleC5odG1sCnN1ZG8gc2VkIC1pICdzL2xpc3RlbiA4MCBkZWZhdWx0X3NlcnZlcjsvbGlzdGVuIDgwODMgZGVmYXVsdF9zZXJ2ZXI7LycgL2V0Yy9uZ2lueC9zaXRlcy1hdmFpbGFibGUvZGVmYXVsdApzdWRvIHNlZCAtaSAncy9saXN0ZW4gXFs6OlxdOjgwIGRlZmF1bHRfc2VydmVyOy9saXN0ZW4gXFs6OlxdOjgwODMgZGVmYXVsdF9zZXJ2ZXI7LycgL2V0Yy9uZ2lueC9zaXRlcy1hdmFpbGFibGUvZGVmYXVsdAoKc3VkbyBzeXN0ZW1jdGwgcmVzdGFydCBuZ2lueAoKIyBDaGFsbGVuZ2UgMTI6IE5ldHdvcmsgdHJhZmZpYyBhbmFseXNpcwpzdWRvIGNhdCA+IC91c3IvbG9jYWwvYmluL3BpbmdfbWVzc2FnZS5zaCA8PCAnRU9GJwojIS9iaW4vYmFzaAp3aGlsZSB0cnVlOyBkbwogICAgcGluZyAtcCA0MzU0NDY3YjZlNjU3NDVmNjM2ODYxNzQ3ZCAtYyAxIDEyNy4wLjAuMQogICAgc2xlZXAgMQpkb25lCkVPRgoKc3VkbyBjaG1vZCAreCAvdXNyL2xvY2FsL2Jpbi9waW5nX21lc3NhZ2Uuc2gKc3VkbyBub2h1cCAvdXNyL2xvY2FsL2Jpbi9waW5nX21lc3NhZ2Uuc2ggPiAvdmFyL2xvZy9waW5nX21lc3NhZ2UubG9nIDI+JjEgJgoKIyBTZXQgcGVybWlzc2lvbnMKc3VkbyBjaG93biAtUiBjdGZfdXNlcjpjdGZfdXNlciAvaG9tZS9jdGZfdXNlci9jdGZfY2hhbGxlbmdlcwoKIyBFbmFibGUgTU9URCBkaXNwbGF5IGluIFBBTQpzdWRvIHNlZCAtaSAncy8jc2Vzc2lvbiAgICBvcHRpb25hbCAgICAgcGFtX21vdGQuc28vc2Vzc2lvbiAgICBvcHRpb25hbCAgICAgcGFtX21vdGQuc28vJyAvZXRjL3BhbS5kL2xvZ2luCnN1ZG8gc2VkIC1pICdzLyNzZXNzaW9uICAgIG9wdGlvbmFsICAgICBwYW1fbW90ZC5zby9zZXNzaW9uICAgIG9wdGlvbmFsICAgICBwYW1fbW90ZC5zby8nIC9ldGMvcGFtLmQvc3NoZApzdWRvIHN5c3RlbWN0bCByZXN0YXJ0IHNzaAoKIyBNYXJrIHNldHVwIGFzIGNvbXBsZXRlCnRvdWNoIC92YXIvbG9nL3NldHVwX2NvbXBsZXRlCgplY2hvICJDVEYgZW52aXJvbm1lbnQgc2V0dXAgY29tcGxldGUhIg==",
            "user_data_replace_on_change": false,
            "volume_tags": null,
            "vpc_security_group_ids": [
              "sg-0472e022276126628"
            ]
          },
          "sensitive_attributes": [],
          "identity_schema_version": 0,
          "private": "eyJlMmJmYjczMC1lY2FhLTExZTYtOGY4OC0zNDM2M2JjN2M0YzAiOnsiY3JlYXRlIjo2MDAwMDAwMDAwMDAsImRlbGV0ZSI6MTIwMDAwMDAwMDAwMCwicmVhZCI6OTAwMDAwMDAwMDAwLCJ1cGRhdGUiOjYwMDAwMDAwMDAwMH0sInNjaGVtYV92ZXJzaW9uIjoiMSJ9",
          "dependencies": [
            "aws_security_group.ctf_sg",
            "aws_subnet.ctf_subnet",
            "aws_vpc.ctf_vpc",
            "data.aws_ami.ubuntu"
          ]
        }
      ]
    },
    {
      "mode": "managed",
      "type": "aws_internet_gateway",
      "name": "ctf_igw",
      "provider": "provider[\"registry.terraform.io/hashicorp/aws\"]",
      "instances": [
        {
          "schema_version": 0,
          "attributes": {
            "arn": "arn:aws:ec2:us-east-1:368603111517:internet-gateway/igw-09f8d2a47b7ce3ffe",
            "id": "igw-09f8d2a47b7ce3ffe",
            "owner_id": "368603111517",
            "tags": {
              "Name": "CTF Lab IGW"
            },
            "tags_all": {
              "Name": "CTF Lab IGW"
            },
            "timeouts": null,
            "vpc_id": "vpc-0ddf5dbf0cc722514"
          },
          "sensitive_attributes": [],
          "identity_schema_version": 0,
          "private": "eyJlMmJmYjczMC1lY2FhLTExZTYtOGY4OC0zNDM2M2JjN2M0YzAiOnsiY3JlYXRlIjoxMjAwMDAwMDAwMDAwLCJkZWxldGUiOjEyMDAwMDAwMDAwMDAsInVwZGF0ZSI6MTIwMDAwMDAwMDAwMH19",
          "dependencies": [
            "aws_vpc.ctf_vpc"
          ]
        }
      ]
    },
    {
      "mode": "managed",
      "type": "aws_route_table",
      "name": "ctf_route_table",
      "provider": "provider[\"registry.terraform.io/hashicorp/aws\"]",
      "instances": [
        {
          "schema_version": 0,
          "attributes": {
            "arn": "arn:aws:ec2:us-east-1:368603111517:route-table/rtb-0d67004bf4702cd43",
            "id": "rtb-0d67004bf4702cd43",
            "owner_id": "368603111517",
            "propagating_vgws": [],
            "route": [
              {
                "carrier_gateway_id": "",
                "cidr_block": "0.0.0.0/0",
                "core_network_arn": "",
                "destination_prefix_list_id": "",
                "egress_only_gateway_id": "",
                "gateway_id": "igw-09f8d2a47b7ce3ffe",
                "ipv6_cidr_block": "",
                "local_gateway_id": "",
                "nat_gateway_id": "",
                "network_interface_id": "",
                "transit_gateway_id": "",
                "vpc_endpoint_id": "",
                "vpc_peering_connection_id": ""
              }
            ],
            "tags": {
              "Name": "CTF Lab Route Table"
            },
            "tags_all": {
              "Name": "CTF Lab Route Table"
            },
            "timeouts": null,
            "vpc_id": "vpc-0ddf5dbf0cc722514"
          },
          "sensitive_attributes": [],
          "identity_schema_version": 0,
          "private": "eyJlMmJmYjczMC1lY2FhLTExZTYtOGY4OC0zNDM2M2JjN2M0YzAiOnsiY3JlYXRlIjozMDAwMDAwMDAwMDAsImRlbGV0ZSI6MzAwMDAwMDAwMDAwLCJ1cGRhdGUiOjEyMDAwMDAwMDAwMH19",
          "dependencies": [
            "aws_internet_gateway.ctf_igw",
            "aws_vpc.ctf_vpc"
          ]
        }
      ]
    },
    {
      "mode": "managed",
      "type": "aws_route_table_association",
      "name": "ctf_route_table_assoc",
      "provider": "provider[\"registry.terraform.io/hashicorp/aws\"]",
      "instances": [
        {
          "schema_version": 0,
          "attributes": {
            "gateway_id": "",
            "id": "rtbassoc-01a7f6f99e173737b",
            "route_table_id": "rtb-0d67004bf4702cd43",
            "subnet_id": "subnet-04fa8afb3182f9007",
            "timeouts": null
          },
          "sensitive_attributes": [],
          "identity_schema_version": 0,
          "private": "eyJlMmJmYjczMC1lY2FhLTExZTYtOGY4OC0zNDM2M2JjN2M0YzAiOnsiY3JlYXRlIjozMDAwMDAwMDAwMDAsImRlbGV0ZSI6MzAwMDAwMDAwMDAwLCJ1cGRhdGUiOjEyMDAwMDAwMDAwMH19",
          "dependencies": [
            "aws_internet_gateway.ctf_igw",
            "aws_route_table.ctf_route_table",
            "aws_subnet.ctf_subnet",
            "aws_vpc.ctf_vpc"
          ]
        }
      ]
    },
    {
      "mode": "managed",
      "type": "aws_security_group",
      "name": "ctf_sg",
      "provider": "provider[\"registry.terraform.io/hashicorp/aws\"]",
      "instances": [
        {
          "schema_version": 1,
          "attributes": {
            "arn": "arn:aws:ec2:us-east-1:368603111517:security-group/sg-0472e022276126628",
            "description": "Security group for CTF lab",
            "egress": [
              {
                "cidr_blocks": [
                  "0.0.0.0/0"
                ],
                "description": "",
                "from_port": 0,
                "ipv6_cidr_blocks": [],
                "prefix_list_ids": [],
                "protocol": "-1",
                "security_groups": [],
                "self": false,
                "to_port": 0
              }
            ],
            "id": "sg-0472e022276126628",
            "ingress": [
              {
                "cidr_blocks": [
                  "0.0.0.0/0"
                ],
                "description": "",
                "from_port": 22,
                "ipv6_cidr_blocks": [],
                "prefix_list_ids": [],
                "protocol": "tcp",
                "security_groups": [],
                "self": false,
                "to_port": 22
              },
              {
                "cidr_blocks": [
                  "0.0.0.0/0"
                ],
                "description": "",
                "from_port": 80,
                "ipv6_cidr_blocks": [],
                "prefix_list_ids": [],
                "protocol": "tcp",
                "security_groups": [],
                "self": false,
                "to_port": 80
              }
            ],
            "name": "ctf_sg",
            "name_prefix": "",
            "owner_id": "368603111517",
            "revoke_rules_on_delete": false,
            "tags": {
              "Name": "CTF Lab Security Group"
            },
            "tags_all": {
              "Name": "CTF Lab Security Group"
            },
            "timeouts": null,
            "vpc_id": "vpc-0ddf5dbf0cc722514"
          },
          "sensitive_attributes": [],
          "identity_schema_version": 0,
          "private": "eyJlMmJmYjczMC1lY2FhLTExZTYtOGY4OC0zNDM2M2JjN2M0YzAiOnsiY3JlYXRlIjo2MDAwMDAwMDAwMDAsImRlbGV0ZSI6OTAwMDAwMDAwMDAwfSwic2NoZW1hX3ZlcnNpb24iOiIxIn0=",
          "dependencies": [
            "aws_vpc.ctf_vpc"
          ]
        }
      ]
    },
    {
      "mode": "managed",
      "type": "aws_subnet",
      "name": "ctf_subnet",
      "provider": "provider[\"registry.terraform.io/hashicorp/aws\"]",
      "instances": [
        {
          "schema_version": 1,
          "attributes": {
            "arn": "arn:aws:ec2:us-east-1:368603111517:subnet/subnet-04fa8afb3182f9007",
            "assign_ipv6_address_on_creation": false,
            "availability_zone": "us-east-1c",
            "availability_zone_id": "use1-az2",
            "cidr_block": "10.0.1.0/24",
            "customer_owned_ipv4_pool": "",
            "enable_dns64": false,
            "enable_lni_at_device_index": 0,
            "enable_resource_name_dns_a_record_on_launch": false,
            "enable_resource_name_dns_aaaa_record_on_launch": false,
            "id": "subnet-04fa8afb3182f9007",
            "ipv6_cidr_block": "",
            "ipv6_cidr_block_association_id": "",
            "ipv6_native": false,
            "map_customer_owned_ip_on_launch": false,
            "map_public_ip_on_launch": false,
            "outpost_arn": "",
            "owner_id": "368603111517",
            "private_dns_hostname_type_on_launch": "ip-name",
            "tags": {
              "Name": "CTF Lab Subnet"
            },
            "tags_all": {
              "Name": "CTF Lab Subnet"
            },
            "timeouts": null,
            "vpc_id": "vpc-0ddf5dbf0cc722514"
          },
          "sensitive_attributes": [],
          "identity_schema_version": 0,
          "private": "eyJlMmJmYjczMC1lY2FhLTExZTYtOGY4OC0zNDM2M2JjN2M0YzAiOnsiY3JlYXRlIjo2MDAwMDAwMDAwMDAsImRlbGV0ZSI6MTIwMDAwMDAwMDAwMH0sInNjaGVtYV92ZXJzaW9uIjoiMSJ9",
          "dependencies": [
            "aws_vpc.ctf_vpc"
          ]
        }
      ]
    },
    {
      "mode": "managed",
      "type": "aws_vpc",
      "name": "ctf_vpc",
      "provider": "provider[\"registry.terraform.io/hashicorp/aws\"]",
      "instances": [
        {
          "schema_version": 1,
          "attributes": {
            "arn": "arn:aws:ec2:us-east-1:368603111517:vpc/vpc-0ddf5dbf0cc722514",
            "assign_generated_ipv6_cidr_block": false,
            "cidr_block": "10.0.0.0/16",
            "default_network_acl_id": "acl-0451f999ed3e650a1",
            "default_route_table_id": "rtb-0a044e3c95db23323",
            "default_security_group_id": "sg-027b7ac43782a8ddf",
            "dhcp_options_id": "dopt-04c99c08e0b6bbf16",
            "enable_dns_hostnames": false,
            "enable_dns_support": true,
            "enable_network_address_usage_metrics": false,
            "id": "vpc-0ddf5dbf0cc722514",
            "instance_tenancy": "default",
            "ipv4_ipam_pool_id": null,
            "ipv4_netmask_length": null,
            "ipv6_association_id": "",
            "ipv6_cidr_block": "",
            "ipv6_cidr_block_network_border_group": "",
            "ipv6_ipam_pool_id": "",
            "ipv6_netmask_length": 0,
            "main_route_table_id": "rtb-0a044e3c95db23323",
            "owner_id": "368603111517",
            "tags": {
              "Name": "CTF Lab VPC"
            },
            "tags_all": {
              "Name": "CTF Lab VPC"
            }
          },
          "sensitive_attributes": [],
          "identity_schema_version": 0,
          "private": "eyJzY2hlbWFfdmVyc2lvbiI6IjEifQ=="
        }
      ]
    },
    {
      "mode": "managed",
      "type": "null_resource",
      "name": "wait_for_setup",
      "provider": "provider[\"registry.terraform.io/hashicorp/null\"]",
      "instances": [
        {
          "schema_version": 0,
          "attributes": {
            "id": "2442823531766748877",
            "triggers": null
          },
          "sensitive_attributes": [],
          "identity_schema_version": 0,
          "dependencies": [
            "aws_instance.ctf_instance",
            "aws_security_group.ctf_sg",
            "aws_subnet.ctf_subnet",
            "aws_vpc.ctf_vpc",
            "data.aws_ami.ubuntu"
          ]
        }
      ]
    }
  ],
  "check_results": null
}
